
Microsoft Visual Studio Solution File, Format Version 12.00
# Visual Studio Version 17
VisualStudioVersion = 17.13.35806.99 d17.13
MinimumVisualStudioVersion = 10.0.40219.1
Project("{FAE04EC0-301F-11D3-BF4B-00C04F79EFBC}") = "epam.DesignPattern2", "epam.DesignPattern2\epam.DesignPattern2.csproj", "{D2BBDE51-A024-4EBA-B869-301D119C9ED7}"
EndProject
Global
	GlobalSection(SolutionConfigurationPlatforms) = preSolution
		Debug|Any CPU = Debug|Any CPU
		Release|Any CPU = Release|Any CPU
	EndGlobalSection
	GlobalSection(ProjectConfigurationPlatforms) = postSolution
		{D2BBDE51-A024-4EBA-B869-301D119C9ED7}.Debug|Any CPU.ActiveCfg = Debug|Any CPU
		{D2BBDE51-A024-4EBA-B869-301D119C9ED7}.Debug|Any CPU.Build.0 = Debug|Any CPU
		{D2BBDE51-A024-4EBA-B869-301D119C9ED7}.Release|Any CPU.ActiveCfg = Release|Any CPU
		{D2BBDE51-A024-4EBA-B869-301D119C9ED7}.Release|Any CPU.Build.0 = Release|Any CPU
	EndGlobalSection
	GlobalSection(SolutionProperties) = preSolution
		HideSolutionNode = FALSE
	EndGlobalSection
	GlobalSection(ExtensibilityGlobals) = postSolution
		SolutionGuid = {2B71F2C8-0EB4-4C70-8D96-BC67ABCE8221}
	EndGlobalSection
EndGlobal
